
Microsoft Visual Studio Solution File, Format Version 12.00
# Visual Studio 14
VisualStudioVersion = 14.0.23107.0
MinimumVisualStudioVersion = 10.0.40219.1
Project("{FAE04EC0-301F-11D3-BF4B-00C04F79EFBC}") = "SMK", "SMK\SMK\SMK.csproj", "{775C6209-C52C-46A4-8CAA-89379566C71B}"
EndProject
Project("{FAE04EC0-301F-11D3-BF4B-00C04F79EFBC}") = "SMK.iOS", "SMK\SMK.iOS\SMK.iOS.csproj", "{E1136713-E998-47E8-8FAD-120729F03115}"
EndProject
Project("{FAE04EC0-301F-11D3-BF4B-00C04F79EFBC}") = "SMK.Droid", "SMK\SMK.Droid\SMK.Droid.csproj", "{7E572CB3-647B-458A-BE82-AEE7590ECFF6}"
EndProject
Global
	GlobalSection(SolutionConfigurationPlatforms) = preSolution
		Ad-Hoc|Any CPU = Ad-Hoc|Any CPU
		Ad-Hoc|ARM = Ad-Hoc|ARM
		Ad-Hoc|iPhone = Ad-Hoc|iPhone
		Ad-Hoc|iPhoneSimulator = Ad-Hoc|iPhoneSimulator
		Ad-Hoc|x86 = Ad-Hoc|x86
		AppStore|Any CPU = AppStore|Any CPU
		AppStore|ARM = AppStore|ARM
		AppStore|iPhone = AppStore|iPhone
		AppStore|iPhoneSimulator = AppStore|iPhoneSimulator
		AppStore|x86 = AppStore|x86
		Debug|Any CPU = Debug|Any CPU
		Debug|ARM = Debug|ARM
		Debug|iPhone = Debug|iPhone
		Debug|iPhoneSimulator = Debug|iPhoneSimulator
		Debug|x86 = Debug|x86
		Release|Any CPU = Release|Any CPU
		Release|ARM = Release|ARM
		Release|iPhone = Release|iPhone
		Release|iPhoneSimulator = Release|iPhoneSimulator
		Release|x86 = Release|x86
	EndGlobalSection
	GlobalSection(ProjectConfigurationPlatforms) = postSolution
		{775C6209-C52C-46A4-8CAA-89379566C71B}.Ad-Hoc|Any CPU.ActiveCfg = Release|Any CPU
		{775C6209-C52C-46A4-8CAA-89379566C71B}.Ad-Hoc|Any CPU.Build.0 = Release|Any CPU
		{775C6209-C52C-46A4-8CAA-89379566C71B}.Ad-Hoc|ARM.ActiveCfg = Release|Any CPU
		{775C6209-C52C-46A4-8CAA-89379566C71B}.Ad-Hoc|ARM.Build.0 = Release|Any CPU
		{775C6209-C52C-46A4-8CAA-89379566C71B}.Ad-Hoc|iPhone.ActiveCfg = Release|Any CPU
		{775C6209-C52C-46A4-8CAA-89379566C71B}.Ad-Hoc|iPhone.Build.0 = Release|Any CPU
		{775C6209-C52C-46A4-8CAA-89379566C71B}.Ad-Hoc|iPhoneSimulator.ActiveCfg = Release|Any CPU
		{775C6209-C52C-46A4-8CAA-89379566C71B}.Ad-Hoc|iPhoneSimulator.Build.0 = Release|Any CPU
		{775C6209-C52C-46A4-8CAA-89379566C71B}.Ad-Hoc|x86.ActiveCfg = Release|Any CPU
		{775C6209-C52C-46A4-8CAA-89379566C71B}.Ad-Hoc|x86.Build.0 = Release|Any CPU
		{775C6209-C52C-46A4-8CAA-89379566C71B}.AppStore|Any CPU.ActiveCfg = Release|Any CPU
		{775C6209-C52C-46A4-8CAA-89379566C71B}.AppStore|Any CPU.Build.0 = Release|Any CPU
		{775C6209-C52C-46A4-8CAA-89379566C71B}.AppStore|ARM.ActiveCfg = Release|Any CPU
		{775C6209-C52C-46A4-8CAA-89379566C71B}.AppStore|ARM.Build.0 = Release|Any CPU
		{775C6209-C52C-46A4-8CAA-89379566C71B}.AppStore|iPhone.ActiveCfg = Release|Any CPU
		{775C6209-C52C-46A4-8CAA-89379566C71B}.AppStore|iPhone.Build.0 = Release|Any CPU
		{775C6209-C52C-46A4-8CAA-89379566C71B}.AppStore|iPhoneSimulator.ActiveCfg = Release|Any CPU
		{775C6209-C52C-46A4-8CAA-89379566C71B}.AppStore|iPhoneSimulator.Build.0 = Release|Any CPU
		{775C6209-C52C-46A4-8CAA-89379566C71B}.AppStore|x86.ActiveCfg = Release|Any CPU
		{775C6209-C52C-46A4-8CAA-89379566C71B}.AppStore|x86.Build.0 = Release|Any CPU
		{775C6209-C52C-46A4-8CAA-89379566C71B}.Debug|Any CPU.ActiveCfg = Debug|Any CPU
		{775C6209-C52C-46A4-8CAA-89379566C71B}.Debug|Any CPU.Build.0 = Debug|Any CPU
		{775C6209-C52C-46A4-8CAA-89379566C71B}.Debug|ARM.ActiveCfg = Debug|Any CPU
		{775C6209-C52C-46A4-8CAA-89379566C71B}.Debug|ARM.Build.0 = Debug|Any CPU
		{775C6209-C52C-46A4-8CAA-89379566C71B}.Debug|iPhone.ActiveCfg = Debug|Any CPU
		{775C6209-C52C-46A4-8CAA-89379566C71B}.Debug|iPhone.Build.0 = Debug|Any CPU
		{775C6209-C52C-46A4-8CAA-89379566C71B}.Debug|iPhoneSimulator.ActiveCfg = Debug|Any CPU
		{775C6209-C52C-46A4-8CAA-89379566C71B}.Debug|iPhoneSimulator.Build.0 = Debug|Any CPU
		{775C6209-C52C-46A4-8CAA-89379566C71B}.Debug|x86.ActiveCfg = Debug|Any CPU
		{775C6209-C52C-46A4-8CAA-89379566C71B}.Debug|x86.Build.0 = Debug|Any CPU
		{775C6209-C52C-46A4-8CAA-89379566C71B}.Release|Any CPU.ActiveCfg = Release|Any CPU
		{775C6209-C52C-46A4-8CAA-89379566C71B}.Release|Any CPU.Build.0 = Release|Any CPU
		{775C6209-C52C-46A4-8CAA-89379566C71B}.Release|ARM.ActiveCfg = Release|Any CPU
		{775C6209-C52C-46A4-8CAA-89379566C71B}.Release|ARM.Build.0 = Release|Any CPU
		{775C6209-C52C-46A4-8CAA-89379566C71B}.Release|iPhone.ActiveCfg = Release|Any CPU
		{775C6209-C52C-46A4-8CAA-89379566C71B}.Release|iPhone.Build.0 = Release|Any CPU
		{775C6209-C52C-46A4-8CAA-89379566C71B}.Release|iPhoneSimulator.ActiveCfg = Release|Any CPU
		{775C6209-C52C-46A4-8CAA-89379566C71B}.Release|iPhoneSimulator.Build.0 = Release|Any CPU
		{775C6209-C52C-46A4-8CAA-89379566C71B}.Release|x86.ActiveCfg = Release|Any CPU
		{775C6209-C52C-46A4-8CAA-89379566C71B}.Release|x86.Build.0 = Release|Any CPU
		{E1136713-E998-47E8-8FAD-120729F03115}.Ad-Hoc|Any CPU.ActiveCfg = Ad-Hoc|iPhone
		{E1136713-E998-47E8-8FAD-120729F03115}.Ad-Hoc|ARM.ActiveCfg = Ad-Hoc|iPhone
		{E1136713-E998-47E8-8FAD-120729F03115}.Ad-Hoc|iPhone.ActiveCfg = Ad-Hoc|iPhone
		{E1136713-E998-47E8-8FAD-120729F03115}.Ad-Hoc|iPhone.Build.0 = Ad-Hoc|iPhone
		{E1136713-E998-47E8-8FAD-120729F03115}.Ad-Hoc|iPhoneSimulator.ActiveCfg = Ad-Hoc|iPhoneSimulator
		{E1136713-E998-47E8-8FAD-120729F03115}.Ad-Hoc|iPhoneSimulator.Build.0 = Ad-Hoc|iPhoneSimulator
		{E1136713-E998-47E8-8FAD-120729F03115}.Ad-Hoc|x86.ActiveCfg = Ad-Hoc|iPhone
		{E1136713-E998-47E8-8FAD-120729F03115}.AppStore|Any CPU.ActiveCfg = AppStore|iPhone
		{E1136713-E998-47E8-8FAD-120729F03115}.AppStore|ARM.ActiveCfg = AppStore|iPhone
		{E1136713-E998-47E8-8FAD-120729F03115}.AppStore|iPhone.ActiveCfg = AppStore|iPhone
		{E1136713-E998-47E8-8FAD-120729F03115}.AppStore|iPhone.Build.0 = AppStore|iPhone
		{E1136713-E998-47E8-8FAD-120729F03115}.AppStore|iPhoneSimulator.ActiveCfg = AppStore|iPhoneSimulator
		{E1136713-E998-47E8-8FAD-120729F03115}.AppStore|iPhoneSimulator.Build.0 = AppStore|iPhoneSimulator
		{E1136713-E998-47E8-8FAD-120729F03115}.AppStore|x86.ActiveCfg = AppStore|iPhone
		{E1136713-E998-47E8-8FAD-120729F03115}.Debug|Any CPU.ActiveCfg = Debug|iPhone
		{E1136713-E998-47E8-8FAD-120729F03115}.Debug|ARM.ActiveCfg = Debug|iPhone
		{E1136713-E998-47E8-8FAD-120729F03115}.Debug|iPhone.ActiveCfg = Debug|iPhone
		{E1136713-E998-47E8-8FAD-120729F03115}.Debug|iPhone.Build.0 = Debug|iPhone
		{E1136713-E998-47E8-8FAD-120729F03115}.Debug|iPhoneSimulator.ActiveCfg = Debug|iPhoneSimulator
		{E1136713-E998-47E8-8FAD-120729F03115}.Debug|iPhoneSimulator.Build.0 = Debug|iPhoneSimulator
		{E1136713-E998-47E8-8FAD-120729F03115}.Debug|x86.ActiveCfg = Debug|iPhone
		{E1136713-E998-47E8-8FAD-120729F03115}.Release|Any CPU.ActiveCfg = Release|iPhone
		{E1136713-E998-47E8-8FAD-120729F03115}.Release|ARM.ActiveCfg = Release|iPhone
		{E1136713-E998-47E8-8FAD-120729F03115}.Release|iPhone.ActiveCfg = Release|iPhone
		{E1136713-E998-47E8-8FAD-120729F03115}.Release|iPhone.Build.0 = Release|iPhone
		{E1136713-E998-47E8-8FAD-120729F03115}.Release|iPhoneSimulator.ActiveCfg = Release|iPhoneSimulator
		{E1136713-E998-47E8-8FAD-120729F03115}.Release|iPhoneSimulator.Build.0 = Release|iPhoneSimulator
		{E1136713-E998-47E8-8FAD-120729F03115}.Release|x86.ActiveCfg = Release|iPhone
		{7E572CB3-647B-458A-BE82-AEE7590ECFF6}.Ad-Hoc|Any CPU.ActiveCfg = Release|Any CPU
		{7E572CB3-647B-458A-BE82-AEE7590ECFF6}.Ad-Hoc|Any CPU.Build.0 = Release|Any CPU
		{7E572CB3-647B-458A-BE82-AEE7590ECFF6}.Ad-Hoc|Any CPU.Deploy.0 = Release|Any CPU
		{7E572CB3-647B-458A-BE82-AEE7590ECFF6}.Ad-Hoc|ARM.ActiveCfg = Release|Any CPU
		{7E572CB3-647B-458A-BE82-AEE7590ECFF6}.Ad-Hoc|ARM.Build.0 = Release|Any CPU
		{7E572CB3-647B-458A-BE82-AEE7590ECFF6}.Ad-Hoc|ARM.Deploy.0 = Release|Any CPU
		{7E572CB3-647B-458A-BE82-AEE7590ECFF6}.Ad-Hoc|iPhone.ActiveCfg = Release|Any CPU
		{7E572CB3-647B-458A-BE82-AEE7590ECFF6}.Ad-Hoc|iPhone.Build.0 = Release|Any CPU
		{7E572CB3-647B-458A-BE82-AEE7590ECFF6}.Ad-Hoc|iPhone.Deploy.0 = Release|Any CPU
		{7E572CB3-647B-458A-BE82-AEE7590ECFF6}.Ad-Hoc|iPhoneSimulator.ActiveCfg = Release|Any CPU
		{7E572CB3-647B-458A-BE82-AEE7590ECFF6}.Ad-Hoc|iPhoneSimulator.Build.0 = Release|Any CPU
		{7E572CB3-647B-458A-BE82-AEE7590ECFF6}.Ad-Hoc|iPhoneSimulator.Deploy.0 = Release|Any CPU
		{7E572CB3-647B-458A-BE82-AEE7590ECFF6}.Ad-Hoc|x86.ActiveCfg = Release|Any CPU
		{7E572CB3-647B-458A-BE82-AEE7590ECFF6}.Ad-Hoc|x86.Build.0 = Release|Any CPU
		{7E572CB3-647B-458A-BE82-AEE7590ECFF6}.Ad-Hoc|x86.Deploy.0 = Release|Any CPU
		{7E572CB3-647B-458A-BE82-AEE7590ECFF6}.AppStore|Any CPU.ActiveCfg = Release|Any CPU
		{7E572CB3-647B-458A-BE82-AEE7590ECFF6}.AppStore|Any CPU.Build.0 = Release|Any CPU
		{7E572CB3-647B-458A-BE82-AEE7590ECFF6}.AppStore|Any CPU.Deploy.0 = Release|Any CPU
		{7E572CB3-647B-458A-BE82-AEE7590ECFF6}.AppStore|ARM.ActiveCfg = Release|Any CPU
		{7E572CB3-647B-458A-BE82-AEE7590ECFF6}.AppStore|ARM.Build.0 = Release|Any CPU
		{7E572CB3-647B-458A-BE82-AEE7590ECFF6}.AppStore|ARM.Deploy.0 = Release|Any CPU
		{7E572CB3-647B-458A-BE82-AEE7590ECFF6}.AppStore|iPhone.ActiveCfg = Release|Any CPU
		{7E572CB3-647B-458A-BE82-AEE7590ECFF6}.AppStore|iPhone.Build.0 = Release|Any CPU
		{7E572CB3-647B-458A-BE82-AEE7590ECFF6}.AppStore|iPhone.Deploy.0 = Release|Any CPU
		{7E572CB3-647B-458A-BE82-AEE7590ECFF6}.AppStore|iPhoneSimulator.ActiveCfg = Release|Any CPU
		{7E572CB3-647B-458A-BE82-AEE7590ECFF6}.AppStore|iPhoneSimulator.Build.0 = Release|Any CPU
		{7E572CB3-647B-458A-BE82-AEE7590ECFF6}.AppStore|iPhoneSimulator.Deploy.0 = Release|Any CPU
		{7E572CB3-647B-458A-BE82-AEE7590ECFF6}.AppStore|x86.ActiveCfg = Release|Any CPU
		{7E572CB3-647B-458A-BE82-AEE7590ECFF6}.AppStore|x86.Build.0 = Release|Any CPU
		{7E572CB3-647B-458A-BE82-AEE7590ECFF6}.AppStore|x86.Deploy.0 = Release|Any CPU
		{7E572CB3-647B-458A-BE82-AEE7590ECFF6}.Debug|Any CPU.ActiveCfg = Debug|Any CPU
		{7E572CB3-647B-458A-BE82-AEE7590ECFF6}.Debug|Any CPU.Build.0 = Debug|Any CPU
		{7E572CB3-647B-458A-BE82-AEE7590ECFF6}.Debug|Any CPU.Deploy.0 = Debug|Any CPU
		{7E572CB3-647B-458A-BE82-AEE7590ECFF6}.Debug|ARM.ActiveCfg = Debug|Any CPU
		{7E572CB3-647B-458A-BE82-AEE7590ECFF6}.Debug|ARM.Build.0 = Debug|Any CPU
		{7E572CB3-647B-458A-BE82-AEE7590ECFF6}.Debug|ARM.Deploy.0 = Debug|Any CPU
		{7E572CB3-647B-458A-BE82-AEE7590ECFF6}.Debug|iPhone.ActiveCfg = Debug|Any CPU
		{7E572CB3-647B-458A-BE82-AEE7590ECFF6}.Debug|iPhone.Build.0 = Debug|Any CPU
		{7E572CB3-647B-458A-BE82-AEE7590ECFF6}.Debug|iPhone.Deploy.0 = Debug|Any CPU
		{7E572CB3-647B-458A-BE82-AEE7590ECFF6}.Debug|iPhoneSimulator.ActiveCfg = Debug|Any CPU
		{7E572CB3-647B-458A-BE82-AEE7590ECFF6}.Debug|iPhoneSimulator.Build.0 = Debug|Any CPU
		{7E572CB3-647B-458A-BE82-AEE7590ECFF6}.Debug|iPhoneSimulator.Deploy.0 = Debug|Any CPU
		{7E572CB3-647B-458A-BE82-AEE7590ECFF6}.Debug|x86.ActiveCfg = Debug|Any CPU
		{7E572CB3-647B-458A-BE82-AEE7590ECFF6}.Debug|x86.Build.0 = Debug|Any CPU
		{7E572CB3-647B-458A-BE82-AEE7590ECFF6}.Debug|x86.Deploy.0 = Debug|Any CPU
		{7E572CB3-647B-458A-BE82-AEE7590ECFF6}.Release|Any CPU.ActiveCfg = Release|Any CPU
		{7E572CB3-647B-458A-BE82-AEE7590ECFF6}.Release|Any CPU.Build.0 = Release|Any CPU
		{7E572CB3-647B-458A-BE82-AEE7590ECFF6}.Release|Any CPU.Deploy.0 = Release|Any CPU
		{7E572CB3-647B-458A-BE82-AEE7590ECFF6}.Release|ARM.ActiveCfg = Release|Any CPU
		{7E572CB3-647B-458A-BE82-AEE7590ECFF6}.Release|ARM.Build.0 = Release|Any CPU
		{7E572CB3-647B-458A-BE82-AEE7590ECFF6}.Release|ARM.Deploy.0 = Release|Any CPU
		{7E572CB3-647B-458A-BE82-AEE7590ECFF6}.Release|iPhone.ActiveCfg = Release|Any CPU
		{7E572CB3-647B-458A-BE82-AEE7590ECFF6}.Release|iPhone.Build.0 = Release|Any CPU
		{7E572CB3-647B-458A-BE82-AEE7590ECFF6}.Release|iPhone.Deploy.0 = Release|Any CPU
		{7E572CB3-647B-458A-BE82-AEE7590ECFF6}.Release|iPhoneSimulator.ActiveCfg = Release|Any CPU
		{7E572CB3-647B-458A-BE82-AEE7590ECFF6}.Release|iPhoneSimulator.Build.0 = Release|Any CPU
		{7E572CB3-647B-458A-BE82-AEE7590ECFF6}.Release|iPhoneSimulator.Deploy.0 = Release|Any CPU
		{7E572CB3-647B-458A-BE82-AEE7590ECFF6}.Release|x86.ActiveCfg = Release|Any CPU
		{7E572CB3-647B-458A-BE82-AEE7590ECFF6}.Release|x86.Build.0 = Release|Any CPU
		{7E572CB3-647B-458A-BE82-AEE7590ECFF6}.Release|x86.Deploy.0 = Release|Any CPU
	EndGlobalSection
	GlobalSection(SolutionProperties) = preSolution
		HideSolutionNode = FALSE
	EndGlobalSection
EndGlobal
